lockfileVersion: 5.4

specifiers:
  '@fullcalendar/core': ^5.11.3
  '@fullcalendar/daygrid': ^5.11.3
  '@fullcalendar/interaction': ^5.11.3
  '@fullcalendar/react': ^5.11.2
  '@fullcalendar/timegrid': ^5.11.3
  axios: ^1.1.3
  chart.js: 3.9.1
  classnames: ^2.3.2
  next: ^12.3.1
  primeflex: 3.2.1
  primeicons: ^6.0.1
  primereact: 8.6.1
  prismjs: 1.9.0
  react: ^18.2.0
  react-app-polyfill: ^3.0.0
  react-dom: ^18.2.0
  react-transition-group: ^4.4.5
  sass: ^1.55.0

dependencies:
  '@fullcalendar/core': 5.11.3
  '@fullcalendar/daygrid': 5.11.3
  '@fullcalendar/interaction': 5.11.3
  '@fullcalendar/react': 5.11.2_biqbaboplfbrettd7655fr4n2y
  '@fullcalendar/timegrid': 5.11.3
  axios: 1.1.3
  chart.js: 3.9.1
  classnames: 2.3.2
  next: 12.3.1_2mygebwfgdyopr3fy2qddu2eli
  primeflex: 3.2.1
  primeicons: 6.0.1
  primereact: 8.6.1_dnx7dir6dusoon2icvl6idxqwa
  prismjs: 1.9.0
  react: 18.2.0
  react-app-polyfill: 3.0.0
  react-dom: 18.2.0_react@18.2.0
  react-transition-group: 4.4.5_biqbaboplfbrettd7655fr4n2y
  sass: 1.55.0

packages:

  /@babel/runtime/7.19.4:
    resolution: {integrity: sha512-EXpLCrk55f+cYqmHsSR+yD/0gAIMxxA9QK9lnQWzhMCvt+YmoBN7Zx94s++Kv0+unHk39vxNO8t+CMA2WSS3wA==}
    engines: {node: '>=6.9.0'}
    dependencies:
      regenerator-runtime: 0.13.10
    dev: false

  /@fullcalendar/common/5.11.3:
    resolution: {integrity: sha512-welVwyfQOXQQGfDwBMSfYEPbiO1cPfUD+C7jd3ZoweJR+dSO11ddFugxIQ7dGfABAGZ63oq/+LW9FsmAJezVNg==}
    dependencies:
      tslib: 2.4.0
    dev: false

  /@fullcalendar/core/5.11.3:
    resolution: {integrity: sha512-YUFxCvVJytUwFeXCx4J17kFMM7Ixwn9zBjVRw5NM2bMwgR6VAhSnlZc6yNQSOIy7Hj2TF0vDkO/4JNlTvxyAXw==}
    dependencies:
      '@fullcalendar/common': 5.11.3
      preact: 10.11.2
      tslib: 2.4.0
    dev: false

  /@fullcalendar/daygrid/5.11.3:
    resolution: {integrity: sha512-PCK0y80DRNCzWuC5lGpIWqCgKDvql1ah7rXql5lu+Gn2EeFj15ZQ8diMFjtNIQucEmFaNOXnR05Pgcry1n6Shg==}
    dependencies:
      '@fullcalendar/common': 5.11.3
      tslib: 2.4.0
    dev: false

  /@fullcalendar/interaction/5.11.3:
    resolution: {integrity: sha512-L955wkDjza62K96ndstvYs2Fd4V0kayTDpqW8W7huFG3Ox8MutpLqKAa2SCaTvcNIlWS4oexGQRiQAaJG7u47A==}
    dependencies:
      '@fullcalendar/common': 5.11.3
      tslib: 2.4.0
    dev: false

  /@fullcalendar/react/5.11.2_biqbaboplfbrettd7655fr4n2y:
    resolution: {integrity: sha512-OnLvfV406VEQcK4QGN8xR4ro6Manp9dKE7/n9dhs19J1kKpqS1w1sIEYg1dT11njbk0Ob+TdF3cXLDFq73jUlA==}
    peerDependencies:
      react: ^16.7.0 || ^17 || ^18
      react-dom: ^16.7.0 || ^17 || ^18
    dependencies:
      '@fullcalendar/common': 5.11.3
      react: 18.2.0
      react-dom: 18.2.0_react@18.2.0
      tslib: 2.4.0
    dev: false

  /@fullcalendar/timegrid/5.11.3:
    resolution: {integrity: sha512-SjIj2ZQ7nTyL1RxZkCPvNbuUQ0xHT+gfYJdUL3FT4bPjPJCxWtQ2CL8hxaeNmVozYYuy0yrGTW5Oup2+9IplbA==}
    dependencies:
      '@fullcalendar/common': 5.11.3
      '@fullcalendar/daygrid': 5.11.3
      tslib: 2.4.0
    dev: false

  /@next/env/12.3.1:
    resolution: {integrity: sha512-9P9THmRFVKGKt9DYqeC2aKIxm8rlvkK38V1P1sRE7qyoPBIs8l9oo79QoSdPtOWfzkbDAVUqvbQGgTMsb8BtJg==}
    dev: false

  /@next/swc-android-arm-eabi/12.3.1:
    resolution: {integrity: sha512-i+BvKA8tB//srVPPQxIQN5lvfROcfv4OB23/L1nXznP+N/TyKL8lql3l7oo2LNhnH66zWhfoemg3Q4VJZSruzQ==}
    engines: {node: '>= 10'}
    cpu: [arm]
    os: [android]
    requiresBuild: true
    dev: false
    optional: true

  /@next/swc-android-arm64/12.3.1:
    resolution: {integrity: sha512-CmgU2ZNyBP0rkugOOqLnjl3+eRpXBzB/I2sjwcGZ7/Z6RcUJXK5Evz+N0ucOxqE4cZ3gkTeXtSzRrMK2mGYV8Q==}
    engines: {node: '>= 10'}
    cpu: [arm64]
    os: [android]
    requiresBuild: true
    dev: false
    optional: true

  /@next/swc-darwin-arm64/12.3.1:
    resolution: {integrity: sha512-hT/EBGNcu0ITiuWDYU9ur57Oa4LybD5DOQp4f22T6zLfpoBMfBibPtR8XktXmOyFHrL/6FC2p9ojdLZhWhvBHg==}
    engines: {node: '>= 10'}
    cpu: [arm64]
    os: [darwin]
    requiresBuild: true
    dev: false
    optional: true

  /@next/swc-darwin-x64/12.3.1:
    resolution: {integrity: sha512-9S6EVueCVCyGf2vuiLiGEHZCJcPAxglyckTZcEwLdJwozLqN0gtS0Eq0bQlGS3dH49Py/rQYpZ3KVWZ9BUf/WA==}
    engines: {node: '>= 10'}
    cpu: [x64]
    os: [darwin]
    requiresBuild: true
    dev: false
    optional: true

  /@next/swc-freebsd-x64/12.3.1:
    resolution: {integrity: sha512-qcuUQkaBZWqzM0F1N4AkAh88lLzzpfE6ImOcI1P6YeyJSsBmpBIV8o70zV+Wxpc26yV9vpzb+e5gCyxNjKJg5Q==}
    engines: {node: '>= 10'}
    cpu: [x64]
    os: [freebsd]
    requiresBuild: true
    dev: false
    optional: true

  /@next/swc-linux-arm-gnueabihf/12.3.1:
    resolution: {integrity: sha512-diL9MSYrEI5nY2wc/h/DBewEDUzr/DqBjIgHJ3RUNtETAOB3spMNHvJk2XKUDjnQuluLmFMloet9tpEqU2TT9w==}
    engines: {node: '>= 10'}
    cpu: [arm]
    os: [linux]
    requiresBuild: true
    dev: false
    optional: true

  /@next/swc-linux-arm64-gnu/12.3.1:
    resolution: {integrity: sha512-o/xB2nztoaC7jnXU3Q36vGgOolJpsGG8ETNjxM1VAPxRwM7FyGCPHOMk1XavG88QZSQf+1r+POBW0tLxQOJ9DQ==}
    engines: {node: '>= 10'}
    cpu: [arm64]
    os: [linux]
    requiresBuild: true
    dev: false
    optional: true

  /@next/swc-linux-arm64-musl/12.3.1:
    resolution: {integrity: sha512-2WEasRxJzgAmP43glFNhADpe8zB7kJofhEAVNbDJZANp+H4+wq+/cW1CdDi8DqjkShPEA6/ejJw+xnEyDID2jg==}
    engines: {node: '>= 10'}
    cpu: [arm64]
    os: [linux]
    requiresBuild: true
    dev: false
    optional: true

  /@next/swc-linux-x64-gnu/12.3.1:
    resolution: {integrity: sha512-JWEaMyvNrXuM3dyy9Pp5cFPuSSvG82+yABqsWugjWlvfmnlnx9HOQZY23bFq3cNghy5V/t0iPb6cffzRWylgsA==}
    engines: {node: '>= 10'}
    cpu: [x64]
    os: [linux]
    requiresBuild: true
    dev: false
    optional: true

  /@next/swc-linux-x64-musl/12.3.1:
    resolution: {integrity: sha512-xoEWQQ71waWc4BZcOjmatuvPUXKTv6MbIFzpm4LFeCHsg2iwai0ILmNXf81rJR+L1Wb9ifEke2sQpZSPNz1Iyg==}
    engines: {node: '>= 10'}
    cpu: [x64]
    os: [linux]
    requiresBuild: true
    dev: false
    optional: true

  /@next/swc-win32-arm64-msvc/12.3.1:
    resolution: {integrity: sha512-hswVFYQYIeGHE2JYaBVtvqmBQ1CppplQbZJS/JgrVI3x2CurNhEkmds/yqvDONfwfbttTtH4+q9Dzf/WVl3Opw==}
    engines: {node: '>= 10'}
    cpu: [arm64]
    os: [win32]
    requiresBuild: true
    dev: false
    optional: true

  /@next/swc-win32-ia32-msvc/12.3.1:
    resolution: {integrity: sha512-Kny5JBehkTbKPmqulr5i+iKntO5YMP+bVM8Hf8UAmjSMVo3wehyLVc9IZkNmcbxi+vwETnQvJaT5ynYBkJ9dWA==}
    engines: {node: '>= 10'}
    cpu: [ia32]
    os: [win32]
    requiresBuild: true
    dev: false
    optional: true

  /@next/swc-win32-x64-msvc/12.3.1:
    resolution: {integrity: sha512-W1ijvzzg+kPEX6LAc+50EYYSEo0FVu7dmTE+t+DM4iOLqgGHoW9uYSz9wCVdkXOEEMP9xhXfGpcSxsfDucyPkA==}
    engines: {node: '>= 10'}
    cpu: [x64]
    os: [win32]
    requiresBuild: true
    dev: false
    optional: true

  /@swc/helpers/0.4.11:
    resolution: {integrity: sha512-rEUrBSGIoSFuYxwBYtlUFMlE2CwGhmW+w9355/5oduSw8e5h2+Tj4UrAGNNgP9915++wj5vkQo0UuOBqOAq4nw==}
    dependencies:
      tslib: 2.4.0
    dev: false

  /@types/prop-types/15.7.5:
    resolution: {integrity: sha512-JCB8C6SnDoQf0cNycqd/35A7MjcnK+ZTqE7judS6o7utxUCg6imJg3QK2qzHKszlTjcj2cn+NwMB2i96ubpj7w==}
    dev: false

  /@types/react-transition-group/4.4.5:
    resolution: {integrity: sha512-juKD/eiSM3/xZYzjuzH6ZwpP+/lejltmiS3QEzV/vmb/Q8+HfDmxu+Baga8UEMGBqV88Nbg4l2hY/K2DkyaLLA==}
    dependencies:
      '@types/react': 18.0.21
    dev: false

  /@types/react/18.0.21:
    resolution: {integrity: sha512-7QUCOxvFgnD5Jk8ZKlUAhVcRj7GuJRjnjjiY/IUBWKgOlnvDvTMLD4RTF7NPyVmbRhNrbomZiOepg7M/2Kj1mA==}
    dependencies:
      '@types/prop-types': 15.7.5
      '@types/scheduler': 0.16.2
      csstype: 3.1.1
    dev: false

  /@types/scheduler/0.16.2:
    resolution: {integrity: sha512-hppQEBDmlwhFAXKJX2KnWLYu5yMfi91yazPb2l+lbJiwW+wdo1gNeRA+3RgNSO39WYX2euey41KEwnqesU2Jew==}
    dev: false

  /anymatch/3.1.2:
    resolution: {integrity: sha512-P43ePfOAIupkguHUycrc4qJ9kz8ZiuOUijaETwX7THt0Y/GNK7v0aa8rY816xWjZ7rJdA5XdMcpVFTKMq+RvWg==}
    engines: {node: '>= 8'}
    dependencies:
      normalize-path: 3.0.0
      picomatch: 2.3.1
    dev: false

  /asap/2.0.6:
    resolution: {integrity: sha512-BSHWgDSAiKs50o2Re8ppvp3seVHXSRM44cdSsT9FfNEUUZLOGWVCsiWaRPWM1Znn+mqZ1OfVZ3z3DWEzSp7hRA==}
    dev: false

  /asynckit/0.4.0:
    resolution: {integrity: sha512-Oei9OH4tRh0YqU3GxhX79dM/mwVgvbZJaSNaRk+bshkj0S5cfHcgYakreBjrHwatXKbz+IoIdYLxrKim2MjW0Q==}
    dev: false

  /axios/1.1.3:
    resolution: {integrity: sha512-00tXVRwKx/FZr/IDVFt4C+f9FYairX517WoGCL6dpOntqLkZofjhu43F/Xl44UOpqa+9sLFDrG/XAnFsUYgkDA==}
    dependencies:
      follow-redirects: 1.15.2
      form-data: 4.0.0
      proxy-from-env: 1.1.0
    transitivePeerDependencies:
      - debug
    dev: false

  /binary-extensions/2.2.0:
    resolution: {integrity: sha512-jDctJ/IVQbZoJykoeHbhXpOlNBqGNcwXJKJog42E5HDPUwQTSdjCHdihjj0DlnheQ7blbT6dHOafNAiS8ooQKA==}
    engines: {node: '>=8'}
    dev: false

  /braces/3.0.2:
    resolution: {integrity: sha512-b8um+L1RzM3WDSzvhm6gIz1yfTbBt6YTlcEKAvsmqCZZFw46z626lVj9j1yEPW33H5H+lBQpZMP1k8l+78Ha0A==}
    engines: {node: '>=8'}
    dependencies:
      fill-range: 7.0.1
    dev: false

  /caniuse-lite/1.0.30001420:
    resolution: {integrity: sha512-OnyeJ9ascFA9roEj72ok2Ikp7PHJTKubtEJIQ/VK3fdsS50q4KWy+Z5X0A1/GswEItKX0ctAp8n4SYDE7wTu6A==}
    dev: false

  /chart.js/3.9.1:
    resolution: {integrity: sha512-Ro2JbLmvg83gXF5F4sniaQ+lTbSv18E+TIf2cOeiH1Iqd2PGFOtem+DUufMZsCJwFE7ywPOpfXFBwRTGq7dh6w==}
    dev: false

  /chokidar/3.5.3:
    resolution: {integrity: sha512-Dr3sfKRP6oTcjf2JmUmFJfeVMvXBdegxB0iVQ5eb2V10uFJUCAS8OByZdVAyVb8xXNz3GjjTgj9kLWsZTqE6kw==}
    engines: {node: '>= 8.10.0'}
    dependencies:
      anymatch: 3.1.2
      braces: 3.0.2
      glob-parent: 5.1.2
      is-binary-path: 2.1.0
      is-glob: 4.0.3
      normalize-path: 3.0.0
      readdirp: 3.6.0
    optionalDependencies:
      fsevents: 2.3.2
    dev: false

  /classnames/2.3.2:
    resolution: {integrity: sha512-CSbhY4cFEJRe6/GQzIk5qXZ4Jeg5pcsP7b5peFSDpffpe1cqjASH/n9UTjBwOp6XpMSTwQ8Za2K5V02ueA7Tmw==}
    dev: false

  /clipboard/1.7.1:
    resolution: {integrity: sha512-smkaRaIQsrnKN1F3wd1/vY9Q+DeR4L8ZCXKeHCFC2j8RZuSBbuImcLdnIO4GTxmzJxQuDGNKkyfpGoPW7Ua5bQ==}
    requiresBuild: true
    dependencies:
      good-listener: 1.2.2
      select: 1.1.2
      tiny-emitter: 2.1.0
    dev: false
    optional: true

  /combined-stream/1.0.8:
    resolution: {integrity: sha512-FQN4MRfuJeHf7cBbBMJFXhKSDq+2kAArBlmRBvcvFE5BB1HZKXtSFASDhdlz9zOYwxh8lDdnvmMOe/+5cdoEdg==}
    engines: {node: '>= 0.8'}
    dependencies:
      delayed-stream: 1.0.0
    dev: false

  /core-js/3.25.5:
    resolution: {integrity: sha512-nbm6eZSjm+ZuBQxCUPQKQCoUEfFOXjUZ8dTTyikyKaWrTYmAVbykQfwsKE5dBK88u3QCkCrzsx/PPlKfhsvgpw==}
    requiresBuild: true
    dev: false

  /csstype/3.1.1:
    resolution: {integrity: sha512-DJR/VvkAvSZW9bTouZue2sSxDwdTN92uHjqeKVm+0dAqdfNykRzQ95tay8aXMBAAPpUiq4Qcug2L7neoRh2Egw==}
    dev: false

  /delayed-stream/1.0.0:
    resolution: {integrity: sha512-ZySD7Nf91aLB0RxL4KGrKHBXl7Eds1DAmEdcoVawXnLD7SDhpNgtuII2aAkg7a7QS41jxPSZ17p4VdGnMHk3MQ==}
    engines: {node: '>=0.4.0'}
    dev: false

  /delegate/3.2.0:
    resolution: {integrity: sha512-IofjkYBZaZivn0V8nnsMJGBr4jVLxHDheKSW88PyxS5QC4Vo9ZbZVvhzlSxY87fVq3STR6r+4cGepyHkcWOQSw==}
    dev: false
    optional: true

  /dom-helpers/5.2.1:
    resolution: {integrity: sha512-nRCa7CK3VTrM2NmGkIy4cbK7IZlgBE/PYMn55rrXefr5xXDP0LdtfPnblFDoVdcAfslJ7or6iqAUnx0CCGIWQA==}
    dependencies:
      '@babel/runtime': 7.19.4
      csstype: 3.1.1
    dev: false

  /fill-range/7.0.1:
    resolution: {integrity: sha512-qOo9F+dMUmC2Lcb4BbVvnKJxTPjCm+RRpe4gDuGrzkL7mEVl/djYSu2OdQ2Pa302N4oqkSg9ir6jaLWJ2USVpQ==}
    engines: {node: '>=8'}
    dependencies:
      to-regex-range: 5.0.1
    dev: false

  /follow-redirects/1.15.2:
    resolution: {integrity: sha512-VQLG33o04KaQ8uYi2tVNbdrWp1QWxNNea+nmIB4EVM28v0hmP17z7aG1+wAkNzVq4KeXTq3221ye5qTJP91JwA==}
    engines: {node: '>=4.0'}
    peerDependencies:
      debug: '*'
    peerDependenciesMeta:
      debug:
        optional: true
    dev: false

  /form-data/4.0.0:
    resolution: {integrity: sha512-ETEklSGi5t0QMZuiXoA/Q6vcnxcLQP5vdugSpuAyi6SVGi2clPPp+xgEhuMaHC+zGgn31Kd235W35f7Hykkaww==}
    engines: {node: '>= 6'}
    dependencies:
      asynckit: 0.4.0
      combined-stream: 1.0.8
      mime-types: 2.1.35
    dev: false

  /fsevents/2.3.2:
    resolution: {integrity: sha512-xiqMQR4xAeHTuB9uWm+fFRcIOgKBMiOBP+eXiyT7jsgVCq1bkVygt00oASowB7EdtpOHaaPgKt812P9ab+DDKA==}
    engines: {node: ^8.16.0 || ^10.6.0 || >=11.0.0}
    os: [darwin]
    requiresBuild: true
    dev: false
    optional: true

  /glob-parent/5.1.2:
    resolution: {integrity: sha512-AOIgSQCepiJYwP3ARnGx+5VnTu2HBYdzbGP45eLw1vr3zB3vZLeyed1sC9hnbcOc9/SrMyM5RPQrkGz4aS9Zow==}
    engines: {node: '>= 6'}
    dependencies:
      is-glob: 4.0.3
    dev: false

  /good-listener/1.2.2:
    resolution: {integrity: sha512-goW1b+d9q/HIwbVYZzZ6SsTr4IgE+WA44A0GmPIQstuOrgsFcT7VEJ48nmr9GaRtNu0XTKacFLGnBPAM6Afouw==}
    dependencies:
      delegate: 3.2.0
    dev: false
    optional: true

  /immutable/4.1.0:
    resolution: {integrity: sha512-oNkuqVTA8jqG1Q6c+UglTOD1xhC1BtjKI7XkCXRkZHrN5m18/XsnUp8Q89GkQO/z+0WjonSvl0FLhDYftp46nQ==}
    dev: false

  /is-binary-path/2.1.0:
    resolution: {integrity: sha512-ZMERYes6pDydyuGidse7OsHxtbI7WVeUEozgR/g7rd0xUimYNlvZRE/K2MgZTjWy725IfelLeVcEM97mmtRGXw==}
    engines: {node: '>=8'}
    dependencies:
      binary-extensions: 2.2.0
    dev: false

  /is-extglob/2.1.1:
    resolution: {integrity: sha512-SbKbANkN603Vi4jEZv49LeVJMn4yGwsbzZworEoyEiutsN3nJYdbO36zfhGJ6QEDpOZIFkDtnq5JRxmvl3jsoQ==}
    engines: {node: '>=0.10.0'}
    dev: false

  /is-glob/4.0.3:
    resolution: {integrity: sha512-xelSayHH36ZgE7ZWhli7pW34hNbNl8Ojv5KVmkJD4hBdD3th8Tfk9vYasLM+mXWOZhFkgZfxhLSnrwRr4elSSg==}
    engines: {node: '>=0.10.0'}
    dependencies:
      is-extglob: 2.1.1
    dev: false

  /is-number/7.0.0:
    resolution: {integrity: sha512-41Cifkg6e8TylSpdtTpeLVMqvSBEVzTttHvERD741+pnZ8ANv0004MRL43QKPDlK9cGvNp6NZWZUBlbGXYxxng==}
    engines: {node: '>=0.12.0'}
    dev: false

  /js-tokens/4.0.0:
    resolution: {integrity: sha512-RdJUflcE3cUzKiMqQgsCu06FPu9UdIJO0beYbPhHN4k6apgJtifcoCtT9bcxOpYBtpD2kCM6Sbzg4CausW/PKQ==}
    dev: false

  /loose-envify/1.4.0:
    resolution: {integrity: sha512-lyuxPGr/Wfhrlem2CL/UcnUc1zcqKAImBDzukY7Y5F/yQiNdko6+fRLevlw1HgMySw7f611UIY408EtxRSoK3Q==}
    hasBin: true
    dependencies:
      js-tokens: 4.0.0
    dev: false

  /mime-db/1.52.0:
    resolution: {integrity: sha512-sPU4uV7dYlvtWJxwwxHD0PuihVNiE7TyAbQ5SWxDCB9mUYvOgroQOwYQQOKPJ8CIbE+1ETVlOoK1UC2nU3gYvg==}
    engines: {node: '>= 0.6'}
    dev: false

  /mime-types/2.1.35:
    resolution: {integrity: sha512-ZDY+bPm5zTTF+YpCrAU9nK0UgICYPT0QtT1NZWFv4s++TNkcgVaT0g6+4R2uI4MjQjzysHB1zxuWL50hzaeXiw==}
    engines: {node: '>= 0.6'}
    dependencies:
      mime-db: 1.52.0
    dev: false

  /nanoid/3.3.4:
    resolution: {integrity: sha512-MqBkQh/OHTS2egovRtLk45wEyNXwF+cokD+1YPf9u5VfJiRdAiRwB2froX5Co9Rh20xs4siNPm8naNotSD6RBw==}
    engines: {node: ^10 || ^12 || ^13.7 || ^14 || >=15.0.1}
    hasBin: true
    dev: false

  /next/12.3.1_2mygebwfgdyopr3fy2qddu2eli:
    resolution: {integrity: sha512-l7bvmSeIwX5lp07WtIiP9u2ytZMv7jIeB8iacR28PuUEFG5j0HGAPnMqyG5kbZNBG2H7tRsrQ4HCjuMOPnANZw==}
    engines: {node: '>=12.22.0'}
    hasBin: true
    peerDependencies:
      fibers: '>= 3.1.0'
      node-sass: ^6.0.0 || ^7.0.0
      react: ^17.0.2 || ^18.0.0-0
      react-dom: ^17.0.2 || ^18.0.0-0
      sass: ^1.3.0
    peerDependenciesMeta:
      fibers:
        optional: true
      node-sass:
        optional: true
      sass:
        optional: true
    dependencies:
      '@next/env': 12.3.1
      '@swc/helpers': 0.4.11
      caniuse-lite: 1.0.30001420
      postcss: 8.4.14
      react: 18.2.0
      react-dom: 18.2.0_react@18.2.0
      sass: 1.55.0
      styled-jsx: 5.0.7_react@18.2.0
      use-sync-external-store: 1.2.0_react@18.2.0
    optionalDependencies:
      '@next/swc-android-arm-eabi': 12.3.1
      '@next/swc-android-arm64': 12.3.1
      '@next/swc-darwin-arm64': 12.3.1
      '@next/swc-darwin-x64': 12.3.1
      '@next/swc-freebsd-x64': 12.3.1
      '@next/swc-linux-arm-gnueabihf': 12.3.1
      '@next/swc-linux-arm64-gnu': 12.3.1
      '@next/swc-linux-arm64-musl': 12.3.1
      '@next/swc-linux-x64-gnu': 12.3.1
      '@next/swc-linux-x64-musl': 12.3.1
      '@next/swc-win32-arm64-msvc': 12.3.1
      '@next/swc-win32-ia32-msvc': 12.3.1
      '@next/swc-win32-x64-msvc': 12.3.1
    transitivePeerDependencies:
      - '@babel/core'
      - babel-plugin-macros
    dev: false

  /normalize-path/3.0.0:
    resolution: {integrity: sha512-6eZs5Ls3WtCisHWp9S2GUy8dqkpGi4BVSz3GaqiE6ezub0512ESztXUwUB6C6IKbQkY2Pnb/mD4WYojCRwcwLA==}
    engines: {node: '>=0.10.0'}
    dev: false

  /object-assign/4.1.1:
    resolution: {integrity: sha512-rJgTQnkUnH1sFw8yT6VSU3zD3sWmu6sZhIseY8VX+GRu3P6F7Fu+JNDoXfklElbLJSnc3FUQHVe4cU5hj+BcUg==}
    engines: {node: '>=0.10.0'}
    dev: false

  /performance-now/2.1.0:
    resolution: {integrity: sha512-7EAHlyLHI56VEIdK57uwHdHKIaAGbnXPiw0yWbarQZOKaKpvUIgW0jWRVLiatnM+XXlSwsanIBH/hzGMJulMow==}
    dev: false

  /picocolors/1.0.0:
    resolution: {integrity: sha512-1fygroTLlHu66zi26VoTDv8yRgm0Fccecssto+MhsZ0D/DGW2sm8E8AjW7NU5VVTRt5GxbeZ5qBuJr+HyLYkjQ==}
    dev: false

  /picomatch/2.3.1:
    resolution: {integrity: sha512-JU3teHTNjmE2VCGFzuY8EXzCDVwEqB2a8fsIvwaStHhAWJEeVd1o1QD80CU6+ZdEXXSLbSsuLwJjkCBWqRQUVA==}
    engines: {node: '>=8.6'}
    dev: false

  /postcss/8.4.14:
    resolution: {integrity: sha512-E398TUmfAYFPBSdzgeieK2Y1+1cpdxJx8yXbK/m57nRhKSmk1GB2tO4lbLBtlkfPQTDKfe4Xqv1ASWPpayPEig==}
    engines: {node: ^10 || ^12 || >=14}
    dependencies:
      nanoid: 3.3.4
      picocolors: 1.0.0
      source-map-js: 1.0.2
    dev: false

  /preact/10.11.2:
    resolution: {integrity: sha512-skAwGDFmgxhq1DCBHke/9e12ewkhc7WYwjuhHB8HHS8zkdtITXLRmUMTeol2ldxvLwYtwbFeifZ9uDDWuyL4Iw==}
    dev: false

  /primeflex/3.2.1:
    resolution: {integrity: sha512-sGDJ4mh2fG19xa1yc4IPGSQ8MUMyu5nU+tYnl27AFuFHhX8XwEA7fWCtWyBbclclVhXtre+Kf9WobWPnfxWAEQ==}
    dev: false

  /primeicons/6.0.1:
    resolution: {integrity: sha512-KDeO94CbWI4pKsPnYpA1FPjo79EsY9I+M8ywoPBSf9XMXoe/0crjbUK7jcQEDHuc0ZMRIZsxH3TYLv4TUtHmAA==}
    dev: false

  /primereact/8.6.1_dnx7dir6dusoon2icvl6idxqwa:
    resolution: {integrity: sha512-dCavcAztsB8cqrGw0iSpSLIGos5ZYHLIWWS3skaxqd2jOs6dCclkcEBbvlO3FDYIkpCq9a6pROJnFUaqo35a4w==}
    peerDependencies:
      '@types/react': ^17.0.0 || ^18.0.0
      primeicons: ^5.0.0 || ^6.0.0
      react: ^17.0.0 || ^18.0.0
      react-dom: ^17.0.0 || ^18.0.0
    peerDependenciesMeta:
      '@types/react':
        optional: true
    dependencies:
      '@types/react-transition-group': 4.4.5
      primeicons: 6.0.1
      react: 18.2.0
      react-dom: 18.2.0_react@18.2.0
      react-transition-group: 4.4.5_biqbaboplfbrettd7655fr4n2y
    dev: false

  /prismjs/1.9.0:
    resolution: {integrity: sha512-mA4eEIsVUlu/HuKheCxk9VnLhm5je2LfKEtaRthjRZOZVoePfAcd4NaTNY1OMMvCMmZe/pfKcxUK44OhtDZwkQ==}
    optionalDependencies:
      clipboard: 1.7.1
    dev: false

  /promise/8.2.0:
    resolution: {integrity: sha512-+CMAlLHqwRYwBMXKCP+o8ns7DN+xHDUiI+0nArsiJ9y+kJVPLFxEaSw6Ha9s9H0tftxg2Yzl25wqj9G7m5wLZg==}
    dependencies:
      asap: 2.0.6
    dev: false

  /prop-types/15.8.1:
    resolution: {integrity: sha512-oj87CgZICdulUohogVAR7AjlC0327U4el4L6eAvOqCeudMDVU0NThNaV+b9Df4dXgSP1gXMTnPdhfe/2qDH5cg==}
    dependencies:
      loose-envify: 1.4.0
      object-assign: 4.1.1
      react-is: 16.13.1
    dev: false

  /proxy-from-env/1.1.0:
    resolution: {integrity: sha512-D+zkORCbA9f1tdWRK0RaCR3GPv50cMxcrz4X8k5LTSUD1Dkw47mKJEZQNunItRTkWwgtaUSo1RVFRIG9ZXiFYg==}
    dev: false

  /raf/3.4.1:
    resolution: {integrity: sha512-Sq4CW4QhwOHE8ucn6J34MqtZCeWFP2aQSmrlroYgqAV1PjStIhJXxYuTgUIfkEk7zTLjmIjLmU5q+fbD1NnOJA==}
    dependencies:
      performance-now: 2.1.0
    dev: false

  /react-app-polyfill/3.0.0:
    resolution: {integrity: sha512-sZ41cxiU5llIB003yxxQBYrARBqe0repqPTTYBTmMqTz9szeBbE37BehCE891NZsmdZqqP+xWKdT3eo3vOzN8w==}
    engines: {node: '>=14'}
    dependencies:
      core-js: 3.25.5
      object-assign: 4.1.1
      promise: 8.2.0
      raf: 3.4.1
      regenerator-runtime: 0.13.10
      whatwg-fetch: 3.6.2
    dev: false

  /react-dom/18.2.0_react@18.2.0:
    resolution: {integrity: sha512-6IMTriUmvsjHUjNtEDudZfuDQUoWXVxKHhlEGSk81n4YFS+r/Kl99wXiwlVXtPBtJenozv2P+hxDsw9eA7Xo6g==}
    peerDependencies:
      react: ^18.2.0
    dependencies:
      loose-envify: 1.4.0
      react: 18.2.0
      scheduler: 0.23.0
    dev: false

  /react-is/16.13.1:
    resolution: {integrity: sha512-24e6ynE2H+OKt4kqsOvNd8kBpV65zoxbA4BVsEOB3ARVWQki/DHzaUoC5KuON/BiccDaCCTZBuOcfZs70kR8bQ==}
    dev: false

  /react-transition-group/4.4.5_biqbaboplfbrettd7655fr4n2y:
    resolution: {integrity: sha512-pZcd1MCJoiKiBR2NRxeCRg13uCXbydPnmB4EOeRrY7480qNWO8IIgQG6zlDkm6uRMsURXPuKq0GWtiM59a5Q6g==}
    peerDependencies:
      react: '>=16.6.0'
      react-dom: '>=16.6.0'
    dependencies:
      '@babel/runtime': 7.19.4
      dom-helpers: 5.2.1
      loose-envify: 1.4.0
      prop-types: 15.8.1
      react: 18.2.0
      react-dom: 18.2.0_react@18.2.0
    dev: false

  /react/18.2.0:
    resolution: {integrity: sha512-/3IjMdb2L9QbBdWiW5e3P2/npwMBaU9mHCSCUzNln0ZCYbcfTsGbTJrU/kGemdH2IWmB2ioZ+zkxtmq6g09fGQ==}
    engines: {node: '>=0.10.0'}
    dependencies:
      loose-envify: 1.4.0
    dev: false

  /readdirp/3.6.0:
    resolution: {integrity: sha512-hOS089on8RduqdbhvQ5Z37A0ESjsqz6qnRcffsMU3495FuTdqSm+7bhJ29JvIOsBDEEnan5DPu9t3To9VRlMzA==}
    engines: {node: '>=8.10.0'}
    dependencies:
      picomatch: 2.3.1
    dev: false

  /regenerator-runtime/0.13.10:
    resolution: {integrity: sha512-KepLsg4dU12hryUO7bp/axHAKvwGOCV0sGloQtpagJ12ai+ojVDqkeGSiRX1zlq+kjIMZ1t7gpze+26QqtdGqw==}
    dev: false

  /sass/1.55.0:
    resolution: {integrity: sha512-Pk+PMy7OGLs9WaxZGJMn7S96dvlyVBwwtToX895WmCpAOr5YiJYEUJfiJidMuKb613z2xNWcXCHEuOvjZbqC6A==}
    engines: {node: '>=12.0.0'}
    hasBin: true
    dependencies:
      chokidar: 3.5.3
      immutable: 4.1.0
      source-map-js: 1.0.2
    dev: false

  /scheduler/0.23.0:
    resolution: {integrity: sha512-CtuThmgHNg7zIZWAXi3AsyIzA3n4xx7aNyjwC2VJldO2LMVDhFK+63xGqq6CsJH4rTAt6/M+N4GhZiDYPx9eUw==}
    dependencies:
      loose-envify: 1.4.0
    dev: false

  /select/1.1.2:
    resolution: {integrity: sha512-OwpTSOfy6xSs1+pwcNrv0RBMOzI39Lp3qQKUTPVVPRjCdNa5JH/oPRiqsesIskK8TVgmRiHwO4KXlV2Li9dANA==}
    dev: false
    optional: true

  /source-map-js/1.0.2:
    resolution: {integrity: sha512-R0XvVJ9WusLiqTCEiGCmICCMplcCkIwwR11mOSD9CR5u+IXYdiseeEuXCVAjS54zqwkLcPNnmU4OeJ6tUrWhDw==}
    engines: {node: '>=0.10.0'}
    dev: false

  /styled-jsx/5.0.7_react@18.2.0:
    resolution: {integrity: sha512-b3sUzamS086YLRuvnaDigdAewz1/EFYlHpYBP5mZovKEdQQOIIYq8lApylub3HHZ6xFjV051kkGU7cudJmrXEA==}
    engines: {node: '>= 12.0.0'}
    peerDependencies:
      '@babel/core': '*'
      babel-plugin-macros: '*'
      react: '>= 16.8.0 || 17.x.x || ^18.0.0-0'
    peerDependenciesMeta:
      '@babel/core':
        optional: true
      babel-plugin-macros:
        optional: true
    dependencies:
      react: 18.2.0
    dev: false

  /tiny-emitter/2.1.0:
    resolution: {integrity: sha512-NB6Dk1A9xgQPMoGqC5CVXn123gWyte215ONT5Pp5a0yt4nlEoO1ZWeCwpncaekPHXO60i47ihFnZPiRPjRMq4Q==}
    dev: false
    optional: true

  /to-regex-range/5.0.1:
    resolution: {integrity: sha512-65P7iz6X5yEr1cwcgvQxbbIw7Uk3gOy5dIdtZ4rDveLqhrdJP+Li/Hx6tyK0NEb+2GCyneCMJiGqrADCSNk8sQ==}
    engines: {node: '>=8.0'}
    dependencies:
      is-number: 7.0.0
    dev: false

  /tslib/2.4.0:
    resolution: {integrity: sha512-d6xOpEDfsi2CZVlPQzGeux8XMwLT9hssAsaPYExaQMuYskwb+x1x7J371tWlbBdWHroy99KnVB6qIkUbs5X3UQ==}
    dev: false

  /use-sync-external-store/1.2.0_react@18.2.0:
    resolution: {integrity: sha512-eEgnFxGQ1Ife9bzYs6VLi8/4X6CObHMw9Qr9tPY43iKwsPw8xE8+EFsf/2cFZ5S3esXgpWgtSCtLNS41F+sKPA==}
    peerDependencies:
      react: ^16.8.0 || ^17.0.0 || ^18.0.0
    dependencies:
      react: 18.2.0
    dev: false

  /whatwg-fetch/3.6.2:
    resolution: {integrity: sha512-bJlen0FcuU/0EMLrdbJ7zOnW6ITZLrZMIarMUVmdKtsGvZna8vxKYaexICWPfZ8qwf9fzNq+UEIZrnSaApt6RA==}
    dev: false
